github.com/davecgh/go-spew v1.1.1/go.mod h1:J7Y8YcW2NihsgmVo/mv3lAwl/skON4iLHjSsI+c5H38=
github.com/emersion/go-appdir v1.1.2 h1:3ceZKMz3b7MLy37ZB29shG2Y7Y3G/pcLbtnYP6BJ0eQ=
github.com/emersion/go-appdir v1.1.2/go.mod h1:N15s1uA0vhxhVomEsNau6w15OdELRpp0aH1Ux4BuSPE=
github.com/pelletier/go-toml v1.8.1/go.mod h1:T2/BmBdy8dvIRq1a/8aqjN41wvWlN4lrapLU/GW4pbc=
github.com/pelletier/go-toml v1.9.1 h1:a6qW1EVNZWH9WGI6CsYdD8WAylkoXBS5yv0XHlh17Tc=
github.com/pelletier/go-toml v1.9.1/go.mod h1:u1nR/EPcESfeI/szUZKdtJ0xRNbUoANCkoOuaOx1Y+c=
github.com/zs5460/art v0.2.0 h1:LErevbtLLt19PP+8xxeQgwT9lQkCOlXu4JC4d0iHNP0=
github.com/zs5460/art v0.2.0/go.mod h1:rSm0CidXKfYg8Il0bFFBd5y8bnsEfteZd8VWI2u6CoQ=
gitlab.com/golang-utils/config/v2 v2.0.3 h1:7/WYFSRLKKakFDeLuYHxchePD4H/AnQDCeDRdTBmekQ=
gitlab.com/golang-utils/config/v2 v2.0.3/go.mod h1:+PrPixZIOCO1NotmztJgHILpsYT3q2OYERZPgMG8Qy8=
gitlab.com/golang-utils/config/v2 v2.2.7 h1:ztA97oiHcpGC02tRrreKjMzfD6QtSddgEiaYlDi/JLM=
gitlab.com/golang-utils/config/v2 v2.2.7/go.mod h1:N2IXkCs4y5cuLYD0ND8cMXijhzV9jzWX/CE1BqGex30=
gitlab.com/golang-utils/fmtdate v1.0.0 h1:7rr9iFnpyw9lmyKqVvcYnwVNre9HAzd852KfEE73xVU=
gitlab.com/golang-utils/fmtdate v1.0.0/go.mod h1:m2dG0UJPcES/+hFET++A9G7DrGKSia/M4Q/YfXqSYUM=
gitlab.com/golang-utils/scaffold v1.7.2 h1:V4puB1ESX6mmUkseFPAOvUAU9v7VqqHDQc9aCHFUazc=
gitlab.com/golang-utils/scaffold v1.7.2/go.mod h1:iU4dY6wR8MHzc5bQl59msKaO8c6eujioGRxNhni97CI=
gitlab.com/golang-utils/version v1.0.1 h1:gjIGHnnBjkb+zpnAm0CdzNcSkUr2UC+kNKa3DylKbjs=
gitlab.com/golang-utils/version v1.0.1/go.mod h1:6ogVlvvD9lN0lByxjfnnsa66aFbtuv/37eBMGIAE+XQ=
gitlab.com/gomidi/midi/v2 v2.0.20 h1:oFjdzzoLFaUaFEQOe7abNMVlScs0NXCUSzIUQKQ6jPA=
gitlab.com/gomidi/midi/v2 v2.0.20/go.mod h1:quTyMKSQ4Klevxu6gY4gy2USbeZra0fV5SalndmPfsY=
gitlab.com/gomidi/midi/v2 v2.0.25 h1:dkzVBqbaFHjyWwP71MrQNX7IeRUIDonddmHbPpO/Ucg=
gitlab.com/gomidi/midi/v2 v2.0.25/go.mod h1:quTyMKSQ4Klevxu6gY4gy2USbeZra0fV5SalndmPfsY=
gitlab.com/gomidi/midi/v2 v2.0.29 h1:uQ/m7uoTnhCXYjkqmYQiUPHEE+T8kkt3ZvfqOZRPiWM=
gitlab.com/gomidi/midi/v2 v2.0.29/go.mod h1:quTyMKSQ4Klevxu6gY4gy2USbeZra0fV5SalndmPfsY=
gitlab.com/gomidi/midi/v2 v2.1.1 h1:NlxKAlQ072XY344h7wi1s4WqA4d6uysVHffoBSNaC2Y=
gitlab.com/gomidi/midi/v2 v2.1.1/go.mod h1:Y6IFFyABN415AYsFMPJb0/43TRIuVYDpGKp2gDYLTLI=
gitlab.com/gomidi/midi/v2 v2.1.2 h1:Qpq3K3bEmKig3G/ljuDlMZ2fU2pmEouRVKaMePl7lLc=
gitlab.com/gomidi/midi/v2 v2.1.2/go.mod h1:Y6IFFyABN415AYsFMPJb0/43TRIuVYDpGKp2gDYLTLI=
gitlab.com/gomidi/midi/v2 v2.1.4 h1:nY/4jz2z4fkcicrqHt/BnYlh2NeenFeQHwmAbZ7m9EI=
gitlab.com/gomidi/midi/v2 v2.1.4/go.mod h1:Cj6K9VH5GhYvPgL2JddxHBmZiP3nxKxB5XyTxiXvL9U=
gitlab.com/metakeule/config v1.21.0 h1:pQ/J7OzyOyNkngFfWZwhhvvM6pTU5jXVy8LkZg4ffAU=
gitlab.com/metakeule/config v1.21.0/go.mod h1:jooTFay2TFoNFs1y/I3+FhscrclQMxSlmBTTlWPceCk=
gitlab.com/metakeule/fmtdate v1.2.0 h1:MCtqJiTO3j8yTn28aJvgvQy63f1DsjTj702f7TGaFOk=
gitlab.com/metakeule/fmtdate v1.2.0/go.mod h1:uZUf21xepWGLp6PgJGBbHeBVWO+/gsKi3Gdh0Fu4lGg=
golang.org/x/sys v0.0.0-20201211090839-8ad439b19e0f/go.mod h1:h1NjWce9XRLGQEsW7wpKNCjG9DtNlClVuFLEZdDNbEs=
golang.org/x/sys v0.0.0-20210514084401-e8d321eab015 h1:hZR0X1kPW+nwyJ9xRxqZk1vx5RUObAPBdKVvXPDUH/E=
golang.org/x/sys v0.0.0-20210514084401-e8d321eab015/go.mod h1:oPkhp1MJrh7nUepCBck5+mAzfO9JrbApNNgaTdGDITg=
