github.com/davecgh/go-spew v1.1.1/go.mod h1:J7Y8YcW2NihsgmVo/mv3lAwl/skON4iLHjSsI+c5H38=
github.com/emersion/go-appdir v1.1.2 h1:3ceZKMz3b7MLy37ZB29shG2Y7Y3G/pcLbtnYP6BJ0eQ=
github.com/emersion/go-appdir v1.1.2/go.mod h1:N15s1uA0vhxhVomEsNau6w15OdELRpp0aH1Ux4BuSPE=
github.com/pelletier/go-toml v1.8.1 h1:1Nf83orprkJyknT6h7zbuEGUEjcyVlCxSUGTENmNCRM=
github.com/pelletier/go-toml v1.8.1/go.mod h1:T2/BmBdy8dvIRq1a/8aqjN41wvWlN4lrapLU/GW4pbc=
github.com/zs5460/art v0.2.0 h1:LErevbtLLt19PP+8xxeQgwT9lQkCOlXu4JC4d0iHNP0=
github.com/zs5460/art v0.2.0/go.mod h1:rSm0CidXKfYg8Il0bFFBd5y8bnsEfteZd8VWI2u6CoQ=
gitlab.com/golang-utils/config/v2 v2.0.3 h1:7/WYFSRLKKakFDeLuYHxchePD4H/AnQDCeDRdTBmekQ=
gitlab.com/golang-utils/config/v2 v2.0.3/go.mod h1:+PrPixZIOCO1NotmztJgHILpsYT3q2OYERZPgMG8Qy8=
gitlab.com/golang-utils/config/v2 v2.2.7 h1:ztA97oiHcpGC02tRrreKjMzfD6QtSddgEiaYlDi/JLM=
gitlab.com/golang-utils/config/v2 v2.2.7/go.mod h1:N2IXkCs4y5cuLYD0ND8cMXijhzV9jzWX/CE1BqGex30=
gitlab.com/golang-utils/fmtdate v1.0.0 h1:7rr9iFnpyw9lmyKqVvcYnwVNre9HAzd852KfEE73xVU=
gitlab.com/golang-utils/fmtdate v1.0.0/go.mod h1:m2dG0UJPcES/+hFET++A9G7DrGKSia/M4Q/YfXqSYUM=
gitlab.com/golang-utils/scaffold v1.7.2 h1:V4puB1ESX6mmUkseFPAOvUAU9v7VqqHDQc9aCHFUazc=
gitlab.com/golang-utils/scaffold v1.7.2/go.mod h1:iU4dY6wR8MHzc5bQl59msKaO8c6eujioGRxNhni97CI=
gitlab.com/golang-utils/version v1.0.1 h1:gjIGHnnBjkb+zpnAm0CdzNcSkUr2UC+kNKa3DylKbjs=
gitlab.com/golang-utils/version v1.0.1/go.mod h1:6ogVlvvD9lN0lByxjfnnsa66aFbtuv/37eBMGIAE+XQ=
gitlab.com/gomidi/midi/v2 v2.0.25 h1:dkzVBqbaFHjyWwP71MrQNX7IeRUIDonddmHbPpO/Ucg=
gitlab.com/gomidi/midi/v2 v2.0.25/go.mod h1:quTyMKSQ4Klevxu6gY4gy2USbeZra0fV5SalndmPfsY=
gitlab.com/gomidi/midi/v2 v2.0.29 h1:uQ/m7uoTnhCXYjkqmYQiUPHEE+T8kkt3ZvfqOZRPiWM=
gitlab.com/gomidi/midi/v2 v2.0.29/go.mod h1:quTyMKSQ4Klevxu6gY4gy2USbeZra0fV5SalndmPfsY=
gitlab.com/metakeule/config v1.21.2 h1:w7Plwutp54PIDKd55omSy3tQeggDeTiyzal4MI1F12c=
gitlab.com/metakeule/config v1.21.2/go.mod h1:hmjXP9dCUxgaywTO0zf2pxz+ZPnVyS42+ZxVF/Eu6DE=
gitlab.com/metakeule/fmtdate v1.2.0 h1:MCtqJiTO3j8yTn28aJvgvQy63f1DsjTj702f7TGaFOk=
gitlab.com/metakeule/fmtdate v1.2.0/go.mod h1:uZUf21xepWGLp6PgJGBbHeBVWO+/gsKi3Gdh0Fu4lGg=
gitlab.com/metakeule/version v1.0.0 h1:hl075PRt1gRdOSOF2KhI+CruP875yvT8ImMDrNS90kU=
gitlab.com/metakeule/version v1.0.0/go.mod h1:YLCYT699hebP0IKJrxtpusbC1s1NdHoJwyWNQprDyZQ=
golang.org/x/sys v0.0.0-20201211090839-8ad439b19e0f h1:QdHQnPce6K4XQewki9WNbG5KOROuDzqO3NaYjI1cXJ0=
golang.org/x/sys v0.0.0-20201211090839-8ad439b19e0f/go.mod h1:h1NjWce9XRLGQEsW7wpKNCjG9DtNlClVuFLEZdDNbEs=
