gitlab.com/gomidi/midi v1.23.0 h1:21DS9n/ZOwkc9Svfn3/FiASCuApQqLacOgATMNeQmaw=
gitlab.com/gomidi/midi v1.23.0/go.mod h1:3ohtNOhqoSakkuLG/Li1OI6I3J1c2LErnJF5o/VBq1c=
gitlab.com/gomidi/midi/v2 v2.0.20 h1:oFjdzzoLFaUaFEQOe7abNMVlScs0NXCUSzIUQKQ6jPA=
gitlab.com/gomidi/midi/v2 v2.0.20/go.mod h1:quTyMKSQ4Klevxu6gY4gy2USbeZra0fV5SalndmPfsY=
gitlab.com/gomidi/midi/v2 v2.0.30 h1:RgRYbQeQSab5ZaP1lqRcCTnTSBQroE3CE6V9HgMmOAc=
gitlab.com/gomidi/midi/v2 v2.0.30/go.mod h1:Y6IFFyABN415AYsFMPJb0/43TRIuVYDpGKp2gDYLTLI=
