gitlab.com/gomidi/rtmididrv v0.10.1 h1:BgqhFpBgythJqFbiR8QtL3CER1nh26YCUPFGVidS9gk=
gitlab.com/gomidi/rtmididrv v0.10.1/go.mod h1:sBxBDsJKVhinLt+kk7fj6WfKRCmnFzFSkFY1chDNLbw=
gitlab.com/gomidi/rtmididrv/imported/rtmidi v0.0.0-20191025100939-514fe0ed97a6 h1:0XqAH/BAxH5TTBzIWkdlZqpp6VUx6DFcQnMWW6G6hIc=
gitlab.com/gomidi/rtmididrv/imported/rtmidi v0.0.0-20191025100939-514fe0ed97a6/go.mod h1:FYVFN2H23IsX56VntiDF9DgCIekHh359wW+iMl1W8rQ=
gitlab.com/metakeule/config v1.13.0 h1:v/OtdhcbiUolehz+Rxj6j31ZwVXfud81NFxz4OR8mlA=
gitlab.com/metakeule/config v1.13.0/go.mod h1:NOPjxiMU1sZhcTXUrpCtj4W2nB0mDYRIQXISM68FDlQ=
gitlab.com/metakeule/fmtdate v1.2.0 h1:MCtqJiTO3j8yTn28aJvgvQy63f1DsjTj702f7TGaFOk=
gitlab.com/metakeule/fmtdate v1.2.0/go.mod h1:uZUf21xepWGLp6PgJGBbHeBVWO+/gsKi3Gdh0Fu4lGg=
