github.com/davecgh/go-spew v1.1.1/go.mod h1:J7Y8YcW2NihsgmVo/mv3lAwl/skON4iLHjSsI+c5H38=
github.com/emersion/go-appdir v1.1.2 h1:3ceZKMz3b7MLy37ZB29shG2Y7Y3G/pcLbtnYP6BJ0eQ=
github.com/emersion/go-appdir v1.1.2/go.mod h1:N15s1uA0vhxhVomEsNau6w15OdELRpp0aH1Ux4BuSPE=
github.com/pelletier/go-toml v1.8.1 h1:1Nf83orprkJyknT6h7zbuEGUEjcyVlCxSUGTENmNCRM=
github.com/pelletier/go-toml v1.8.1/go.mod h1:T2/BmBdy8dvIRq1a/8aqjN41wvWlN4lrapLU/GW4pbc=
gitlab.com/gomidi/rtmididrv v0.10.1 h1:BgqhFpBgythJqFbiR8QtL3CER1nh26YCUPFGVidS9gk=
gitlab.com/gomidi/rtmididrv v0.10.1/go.mod h1:sBxBDsJKVhinLt+kk7fj6WfKRCmnFzFSkFY1chDNLbw=
gitlab.com/gomidi/rtmididrv/imported/rtmidi v0.0.0-20191025100939-514fe0ed97a6 h1:0XqAH/BAxH5TTBzIWkdlZqpp6VUx6DFcQnMWW6G6hIc=
gitlab.com/gomidi/rtmididrv/imported/rtmidi v0.0.0-20191025100939-514fe0ed97a6/go.mod h1:FYVFN2H23IsX56VntiDF9DgCIekHh359wW+iMl1W8rQ=
gitlab.com/metakeule/config v1.13.0 h1:v/OtdhcbiUolehz+Rxj6j31ZwVXfud81NFxz4OR8mlA=
gitlab.com/metakeule/config v1.13.0/go.mod h1:NOPjxiMU1sZhcTXUrpCtj4W2nB0mDYRIQXISM68FDlQ=
gitlab.com/metakeule/config v1.18.8 h1:xs1uCsUr277bla8BwRLd7JdTHtFzKdyFhgAke5XtoVQ=
gitlab.com/metakeule/config v1.18.8/go.mod h1:glEQ76SztqrtydnmgxvrlTtN9BBmgM0lNy7/S2eiZbw=
gitlab.com/metakeule/fmtdate v1.2.0 h1:MCtqJiTO3j8yTn28aJvgvQy63f1DsjTj702f7TGaFOk=
gitlab.com/metakeule/fmtdate v1.2.0/go.mod h1:uZUf21xepWGLp6PgJGBbHeBVWO+/gsKi3Gdh0Fu4lGg=
golang.org/x/sys v0.0.0-20201211090839-8ad439b19e0f/go.mod h1:h1NjWce9XRLGQEsW7wpKNCjG9DtNlClVuFLEZdDNbEs=
