gitlab.com/gomidi/midi v1.22.2 h1:q33p4B7P9PjcO930YiB7LabpIlMzqW3yssKoHQIca+4=
gitlab.com/gomidi/midi v1.22.2/go.mod h1:3ohtNOhqoSakkuLG/Li1OI6I3J1c2LErnJF5o/VBq1c=
gitlab.com/gomidi/midi v1.22.3 h1:bQuG0u7uIj/cQwHrReB+2CqLAj7j7tLiBQ3D3hf/3Iw=
gitlab.com/gomidi/midi v1.22.3/go.mod h1:3ohtNOhqoSakkuLG/Li1OI6I3J1c2LErnJF5o/VBq1c=
gitlab.com/gomidi/midi v1.23.0 h1:21DS9n/ZOwkc9Svfn3/FiASCuApQqLacOgATMNeQmaw=
gitlab.com/gomidi/midi v1.23.0/go.mod h1:3ohtNOhqoSakkuLG/Li1OI6I3J1c2LErnJF5o/VBq1c=
