gitlab.com/gomidi/midi v1.7.4 h1:wJFrJpD+oDvilYhNvyutG2cjdvx2wnAB1s11Kxdk4Tg=
gitlab.com/gomidi/midi v1.7.4/go.mod h1:Geyousi3Lg15GJRg0CnpxQMQIgDLapqJKq2Cbf7LJfs=
gitlab.com/gomidi/midi v1.9.0 h1:nLwy9vnnlFiaaLBznLnxLMaqz/yrCbf7ajfn60koIaQ=
gitlab.com/gomidi/midi v1.9.0/go.mod h1:Geyousi3Lg15GJRg0CnpxQMQIgDLapqJKq2Cbf7LJfs=
gitlab.com/gomidi/midi v1.10.0 h1:zh1vPE1oAPCs1vkFwGGS8iftsQzlChjMxhIQOj9ReSE=
gitlab.com/gomidi/midi v1.10.0/go.mod h1:Geyousi3Lg15GJRg0CnpxQMQIgDLapqJKq2Cbf7LJfs=
gitlab.com/gomidi/midi v1.14.1 h1:+I3MHxspu3H1o2ejAdehBLmIUBTOIdlOlmkdKvCJlME=
gitlab.com/gomidi/midi v1.14.1/go.mod h1:3ohtNOhqoSakkuLG/Li1OI6I3J1c2LErnJF5o/VBq1c=
gitlab.com/gomidi/midi v1.14.4 h1:tL6YI1vlUC7frWJukrg1JRsDzrDSZDF1k2N3QAXMOb4=
gitlab.com/gomidi/midi v1.14.4/go.mod h1:3ohtNOhqoSakkuLG/Li1OI6I3J1c2LErnJF5o/VBq1c=
gitlab.com/gomidi/midi v1.15.0 h1:eGSQqAGLB+OUr8tFtKOLWJE3jRAoIZorRVeKEATemRo=
gitlab.com/gomidi/midi v1.15.0/go.mod h1:3ohtNOhqoSakkuLG/Li1OI6I3J1c2LErnJF5o/VBq1c=
gitlab.com/gomidi/midi v1.15.3 h1:PSgwBOnB+8cY2IeMaBL3gKfehGt4q9B3vc70ISHJvvs=
gitlab.com/gomidi/midi v1.15.3/go.mod h1:3ohtNOhqoSakkuLG/Li1OI6I3J1c2LErnJF5o/VBq1c=
gitlab.com/gomidi/midi v1.16.2 h1:Z+UNzTMoKRHIGXPr5cq0l02mMswbOL33SsYJMDhIIDA=
gitlab.com/gomidi/midi v1.16.2/go.mod h1:3ohtNOhqoSakkuLG/Li1OI6I3J1c2LErnJF5o/VBq1c=
gitlab.com/gomidi/midi v1.16.4 h1:Cl2HrJh+ww7ivNlxyKbhEI7q3j9nqv7y/FF+8KFwz3s=
gitlab.com/gomidi/midi v1.16.4/go.mod h1:3ohtNOhqoSakkuLG/Li1OI6I3J1c2LErnJF5o/VBq1c=
gitlab.com/gomidi/midi v1.21.0 h1:eyoUlx7/PTRUcmWWWD3OKxUYuRWbcDa2rCvRYY7Y4yc=
gitlab.com/gomidi/midi v1.21.0/go.mod h1:3ohtNOhqoSakkuLG/Li1OI6I3J1c2LErnJF5o/VBq1c=
gitlab.com/gomidi/rtmididrv/imported/rtmidi v0.0.0-20181030132923-7607b12e13d8/go.mod h1:FYVFN2H23IsX56VntiDF9DgCIekHh359wW+iMl1W8rQ=
gitlab.com/gomidi/rtmididrv/imported/rtmidi v0.0.0-20191025100939-514fe0ed97a6 h1:0XqAH/BAxH5TTBzIWkdlZqpp6VUx6DFcQnMWW6G6hIc=
gitlab.com/gomidi/rtmididrv/imported/rtmidi v0.0.0-20191025100939-514fe0ed97a6/go.mod h1:FYVFN2H23IsX56VntiDF9DgCIekHh359wW+iMl1W8rQ=
