github.com/davecgh/go-spew v1.1.1/go.mod h1:J7Y8YcW2NihsgmVo/mv3lAwl/skON4iLHjSsI+c5H38=
github.com/emersion/go-appdir v1.1.2 h1:3ceZKMz3b7MLy37ZB29shG2Y7Y3G/pcLbtnYP6BJ0eQ=
github.com/emersion/go-appdir v1.1.2/go.mod h1:N15s1uA0vhxhVomEsNau6w15OdELRpp0aH1Ux4BuSPE=
github.com/pelletier/go-toml v1.8.1 h1:1Nf83orprkJyknT6h7zbuEGUEjcyVlCxSUGTENmNCRM=
github.com/pelletier/go-toml v1.8.1/go.mod h1:T2/BmBdy8dvIRq1a/8aqjN41wvWlN4lrapLU/GW4pbc=
gitlab.com/metakeule/fmtdate v1.2.0 h1:MCtqJiTO3j8yTn28aJvgvQy63f1DsjTj702f7TGaFOk=
gitlab.com/metakeule/fmtdate v1.2.0/go.mod h1:uZUf21xepWGLp6PgJGBbHeBVWO+/gsKi3Gdh0Fu4lGg=
gitlab.com/gomidi/midi/v2/drivers/rtmididrv/imported/rtmidi v0.0.0-20210412062545-442b1d8545e9 h1:zlbXAJw+2YRoVxa0fxRN9c0BZmT6LSa1yFvZz0zz0SI=
gitlab.com/gomidi/midi/v2/drivers/rtmididrv/imported/rtmidi v0.0.0-20210412062545-442b1d8545e9/go.mod h1:OPj7tH2bUPFpPN1uU6E7ShXuDlJO0+RHlwp32KhcrtE=
gitlab.com/gomidi/midi/v2/drivers/rtmididrv/imported/rtmidi v0.0.0-20210425073027-dcb5d7eb9e83 h1:FuKUpVHyDsZy9y+ZrWrT9uR2/HWY16MOj0/wY++IEY8=
gitlab.com/gomidi/midi/v2/drivers/rtmididrv/imported/rtmidi v0.0.0-20210425073027-dcb5d7eb9e83/go.mod h1:OPj7tH2bUPFpPN1uU6E7ShXuDlJO0+RHlwp32KhcrtE=
gitlab.com/metakeule/config v1.21.0 h1:pQ/J7OzyOyNkngFfWZwhhvvM6pTU5jXVy8LkZg4ffAU=
gitlab.com/metakeule/config v1.21.0/go.mod h1:jooTFay2TFoNFs1y/I3+FhscrclQMxSlmBTTlWPceCk=
github.com/rakyll/portmidi v0.0.0-20170620004031-e434d7284291/go.mod h1:tO1ylmFo6+hnYFvj/fd92q30wkNQwgWC/8mcHq0KkQU=
gitlab.com/gomidi/midi v1.7.4 h1:wJFrJpD+oDvilYhNvyutG2cjdvx2wnAB1s11Kxdk4Tg=
gitlab.com/gomidi/midi v1.7.4/go.mod h1:Geyousi3Lg15GJRg0CnpxQMQIgDLapqJKq2Cbf7LJfs=
gitlab.com/gomidi/midi v1.9.0/go.mod h1:Geyousi3Lg15GJRg0CnpxQMQIgDLapqJKq2Cbf7LJfs=
gitlab.com/gomidi/midi v1.10.0 h1:zh1vPE1oAPCs1vkFwGGS8iftsQzlChjMxhIQOj9ReSE=
gitlab.com/gomidi/midi v1.10.0/go.mod h1:Geyousi3Lg15GJRg0CnpxQMQIgDLapqJKq2Cbf7LJfs=
gitlab.com/gomidi/midi v1.13.1 h1:Tp0MtGXcP+OP/cC/hRCld66kErBUQS16UKwkpv3xQe8=
gitlab.com/gomidi/midi v1.13.1/go.mod h1:3ohtNOhqoSakkuLG/Li1OI6I3J1c2LErnJF5o/VBq1c=
gitlab.com/gomidi/midi v1.14.1 h1:+I3MHxspu3H1o2ejAdehBLmIUBTOIdlOlmkdKvCJlME=
gitlab.com/gomidi/midi v1.14.1/go.mod h1:3ohtNOhqoSakkuLG/Li1OI6I3J1c2LErnJF5o/VBq1c=
gitlab.com/gomidi/midi v1.15.3 h1:PSgwBOnB+8cY2IeMaBL3gKfehGt4q9B3vc70ISHJvvs=
gitlab.com/gomidi/midi v1.15.3/go.mod h1:3ohtNOhqoSakkuLG/Li1OI6I3J1c2LErnJF5o/VBq1c=
gitlab.com/gomidi/portmididrv v0.3.0 h1:noEfM2g33FUVyGmKDE+jtC0utU1ySqoiDC3p1BYz8x0=
gitlab.com/gomidi/portmididrv v0.3.0/go.mod h1:EZ0RYV/0vRRwRRReY+9Q6/vOn4vmmxjXrYAaWHd//dk=
gitlab.com/gomidi/rtmididrv v0.2.2 h1:lJzO1qS1ljj3YIFkjPV/WTxDoXCgQhOa9I/XA/EXXJg=
gitlab.com/gomidi/rtmididrv v0.2.2/go.mod h1:tZmUod4du4IOP2hSh4oNOoOnO+wnwaRMaGfsMuQb864=
gitlab.com/gomidi/rtmididrv v0.4.2 h1:FZXFmbaG4WS80PFiLl7c7t/U6vX2YoUmT4Sc1aYzDhM=
gitlab.com/gomidi/rtmididrv v0.4.2/go.mod h1:VhFVcVgiHPm3a7alT/f3ipf8G1s9ehNsr/TmVYJ7b5w=
gitlab.com/gomidi/rtmididrv v0.8.0 h1:R+NuvGKci8ZK2sGvrJZ21S9D9cluuRhsMdzQyJyzIn0=
gitlab.com/gomidi/rtmididrv v0.8.0/go.mod h1:FWSsvpbFkqyO0qzr4CFdnTiM40E8JV0NvuS/1HXvd0Q=
gitlab.com/gomidi/rtmididrv v0.9.3 h1:igL6gYTFd8y5km+2UzbDRdLbyGmnAZiJmTepFhtu8vg=
gitlab.com/gomidi/rtmididrv v0.9.3/go.mod h1:Tm1+gEkKGIvMCTieUc0WcZU3BqYyzwEmnWDx1Dr9JJw=
gitlab.com/gomidi/rtmididrv/imported/rtmidi v0.0.0-20181030132923-7607b12e13d8 h1:dPFDpTtUnvDbVu6znMXXR7tjh2fnv9xip0duVU9w5IE=
gitlab.com/gomidi/rtmididrv/imported/rtmidi v0.0.0-20181030132923-7607b12e13d8/go.mod h1:FYVFN2H23IsX56VntiDF9DgCIekHh359wW+iMl1W8rQ=
gitlab.com/gomidi/rtmididrv/imported/rtmidi v0.0.0-20191025100939-514fe0ed97a6 h1:0XqAH/BAxH5TTBzIWkdlZqpp6VUx6DFcQnMWW6G6hIc=
gitlab.com/gomidi/rtmididrv/imported/rtmidi v0.0.0-20191025100939-514fe0ed97a6/go.mod h1:FYVFN2H23IsX56VntiDF9DgCIekHh359wW+iMl1W8rQ=
gitlab.com/metakeule/config v1.13.0 h1:v/OtdhcbiUolehz+Rxj6j31ZwVXfud81NFxz4OR8mlA=
gitlab.com/metakeule/config v1.13.0/go.mod h1:NOPjxiMU1sZhcTXUrpCtj4W2nB0mDYRIQXISM68FDlQ=
gitlab.com/metakeule/fmtdate v1.2.0 h1:MCtqJiTO3j8yTn28aJvgvQy63f1DsjTj702f7TGaFOk=
gitlab.com/metakeule/fmtdate v1.2.0/go.mod h1:uZUf21xepWGLp6PgJGBbHeBVWO+/gsKi3Gdh0Fu4lGg=
golang.org/x/sys v0.0.0-20201211090839-8ad439b19e0f h1:QdHQnPce6K4XQewki9WNbG5KOROuDzqO3NaYjI1cXJ0=
golang.org/x/sys v0.0.0-20201211090839-8ad439b19e0f/go.mod h1:h1NjWce9XRLGQEsW7wpKNCjG9DtNlClVuFLEZdDNbEs=
